hash: 4045589b0948db0ae847b52cd91a2645c65bfaeeced2b3f682cbb3447ee808e5
updated: 2016-05-24T14:28:09.8900879+09:00
imports:
- name: github.com/BurntSushi/toml
  version: f0aeabca5a127c4078abb8c8d64298b147264b55
- name: github.com/jessevdk/go-flags
  version: b350cb1deecd3da4b80a29ccc4054abfd6329001
- name: gopkg.in/yaml.v2
  version: a83829b6f1293c91addabc89d0571c246397bbf4
devImports: []
